
Microsoft Visual Studio Solution File, Format Version 11.00
# Visual Studio 2010
Project("{8BC9CEB8-8B4A-11D0-8D11-00A0C91BC942}") = "Dimage", "Dimage\Dimage.vcxproj", "{CD772C7C-3099-42E5-94CE-A58B65504ECD}"
EndProject
Global
	GlobalSection(SolutionConfigurationPlatforms) = preSolution
		Debug|Win32 = Debug|Win32
		Release|Win32 = Release|Win32
	EndGlobalSection
	GlobalSection(ProjectConfigurationPlatforms) = postSolution
		{CD772C7C-3099-42E5-94CE-A58B65504ECD}.Debug|Win32.ActiveCfg = Debug|Win32
		{CD772C7C-3099-42E5-94CE-A58B65504ECD}.Debug|Win32.Build.0 = Debug|Win32
		{CD772C7C-3099-42E5-94CE-A58B65504ECD}.Release|Win32.ActiveCfg = Release|Win32
		{CD772C7C-3099-42E5-94CE-A58B65504ECD}.Release|Win32.Build.0 = Release|Win32
	EndGlobalSection
	GlobalSection(SolutionProperties) = preSolution
		HideSolutionNode = FALSE
	EndGlobalSection
EndGlobal
